// !$*UTF8*$!
{
	archiveVersion = 1;
	classes = {
	};
	objectVersion = 50;
	objects = {

/* Begin PBXBuildFile section */
		4397A59921EC0CB800135C25 /* AppDelegate.swift in Sources */ = {isa = PBXBuildFile; fileRef = 4397A59821EC0CB800135C25 /* AppDelegate.swift */; };
		4397A59B21EC0CB800135C25 /* ListeController.swift in Sources */ = {isa = PBXBuildFile; fileRef = 4397A59A21EC0CB800135C25 /* ListeController.swift */; };
		4397A59E21EC0CB800135C25 /* Main.storyboard in Resources */ = {isa = PBXBuildFile; fileRef = 4397A59C21EC0CB800135C25 /* Main.storyboard */; };
		4397A5A121EC0CB800135C25 /* Codata.xcdatamodeld in Sources */ = {isa = PBXBuildFile; fileRef = 4397A59F21EC0CB800135C25 /* Codata.xcdatamodeld */; };
		4397A5A321EC0CBB00135C25 /* Assets.xcassets in Resources */ = {isa = PBXBuildFile; fileRef = 4397A5A221EC0CBB00135C25 /* Assets.xcassets */; };
		4397A5A621EC0CBB00135C25 /* LaunchScreen.storyboard in Resources */ = {isa = PBXBuildFile; fileRef = 4397A5A421EC0CBB00135C25 /* LaunchScreen.storyboard */; };
		4397A5AF21EC101700135C25 /* MyTabBar.swift in Sources */ = {isa = PBXBuildFile; fileRef = 4397A5AE21EC101700135C25 /* MyTabBar.swift */; };
		4397A5B421EC2C1F00135C25 /* CoreDataHelper.swift in Sources */ = {isa = PBXBuildFile; fileRef = 4397A5B321EC2C1F00135C25 /* CoreDataHelper.swift */; };
		4397A5B621ECB06B00135C25 /* ListeCell.swift in Sources */ = {isa = PBXBuildFile; fileRef = 4397A5B521ECB06B00135C25 /* ListeCell.swift */; };
		4397A5B821ECB0A200135C25 /* ViewShadow.swift in Sources */ = {isa = PBXBuildFile; fileRef = 4397A5B721ECB0A200135C25 /* ViewShadow.swift */; };
		4397A5BA21ECBA4400135C25 /* Extensions.swift in Sources */ = {isa = PBXBuildFile; fileRef = 4397A5B921ECBA4400135C25 /* Extensions.swift */; };
		4397A5BC21ECEE2200135C25 /* ArticleController.swift in Sources */ = {isa = PBXBuildFile; fileRef = 4397A5BB21ECEE2200135C25 /* ArticleController.swift */; };
		4397A5BE21ECEE3B00135C25 /* AddArticleController.swift in Sources */ = {isa = PBXBuildFile; fileRef = 4397A5BD21ECEE3B00135C25 /* AddArticleController.swift */; };
		4397A5C021ECEE4F00135C25 /* AllArticleController.swift in Sources */ = {isa = PBXBuildFile; fileRef = 4397A5BF21ECEE4F00135C25 /* AllArticleController.swift */; };
/* End PBXBuildFile section */

/* Begin PBXFileReference section */
		4397A59521EC0CB800135C25 /* Codata.app */ = {isa = PBXFileReference; explicitFileType = wrapper.application; includeInIndex = 0; path = Codata.app; sourceTree = BUILT_PRODUCTS_DIR; };
		4397A59821EC0CB800135C25 /* AppDelegate.swift */ = {isa = PBXFileReference; lastKnownFileType = sourcecode.swift; path = AppDelegate.swift; sourceTree = "<group>"; };
		4397A59A21EC0CB800135C25 /* ListeController.swift */ = {isa = PBXFileReference; lastKnownFileType = sourcecode.swift; path = ListeController.swift; sourceTree = "<group>"; };
		4397A59D21EC0CB800135C25 /* Base */ = {isa = PBXFileReference; lastKnownFileType = file.storyboard; name = Base; path = Base.lproj/Main.storyboard; sourceTree = "<group>"; };
		4397A5A021EC0CB800135C25 /* Codata.xcdatamodel */ = {isa = PBXFileReference; lastKnownFileType = wrapper.xcdatamodel; path = Codata.xcdatamodel; sourceTree = "<group>"; };
		4397A5A221EC0CBB00135C25 /* Assets.xcassets */ = {isa = PBXFileReference; lastKnownFileType = folder.assetcatalog; path = Assets.xcassets; sourceTree = "<group>"; };
		4397A5A521EC0CBB00135C25 /* Base */ = {isa = PBXFileReference; lastKnownFileType = file.storyboard; name = Base; path = Base.lproj/LaunchScreen.storyboard; sourceTree = "<group>"; };
		4397A5A721EC0CBB00135C25 /* Info.plist */ = {isa = PBXFileReference; lastKnownFileType = text.plist.xml; path = Info.plist; sourceTree = "<group>"; };
		4397A5AE21EC101700135C25 /* MyTabBar.swift */ = {isa = PBXFileReference; lastKnownFileType = sourcecode.swift; path = MyTabBar.swift; sourceTree = "<group>"; };
		4397A5B321EC2C1F00135C25 /* CoreDataHelper.swift */ = {isa = PBXFileReference; lastKnownFileType = sourcecode.swift; path = CoreDataHelper.swift; sourceTree = "<group>"; };
		4397A5B521ECB06B00135C25 /* ListeCell.swift */ = {isa = PBXFileReference; lastKnownFileType = sourcecode.swift; path = ListeCell.swift; sourceTree = "<group>"; };
		4397A5B721ECB0A200135C25 /* ViewShadow.swift */ = {isa = PBXFileReference; lastKnownFileType = sourcecode.swift; path = ViewShadow.swift; sourceTree = "<group>"; };
		4397A5B921ECBA4400135C25 /* Extensions.swift */ = {isa = PBXFileReference; lastKnownFileType = sourcecode.swift; path = Extensions.swift; sourceTree = "<group>"; };
		4397A5BB21ECEE2200135C25 /* ArticleController.swift */ = {isa = PBXFileReference; lastKnownFileType = sourcecode.swift; path = ArticleController.swift; sourceTree = "<group>"; };
		4397A5BD21ECEE3B00135C25 /* AddArticleController.swift */ = {isa = PBXFileReference; lastKnownFileType = sourcecode.swift; path = AddArticleController.swift; sourceTree = "<group>"; };
		4397A5BF21ECEE4F00135C25 /* AllArticleController.swift */ = {isa = PBXFileReference; lastKnownFileType = sourcecode.swift; path = AllArticleController.swift; sourceTree = "<group>"; };
/* End PBXFileReference section */

/* Begin PBXFrameworksBuildPhase section */
		4397A59221EC0CB800135C25 /* Frameworks */ = {
			isa = PBXFrameworksBuildPhase;
			buildActionMask = 2147483647;
			files = (
			);
			runOnlyForDeploymentPostprocessing = 0;
		};
/* End PBXFrameworksBuildPhase section */

/* Begin PBXGroup section */
		4397A58C21EC0CB800135C25 = {
			isa = PBXGroup;
			children = (
				4397A59721EC0CB800135C25 /* Codata */,
				4397A59621EC0CB800135C25 /* Products */,
			);
			sourceTree = "<group>";
		};
		4397A59621EC0CB800135C25 /* Products */ = {
			isa = PBXGroup;
			children = (
				4397A59521EC0CB800135C25 /* Codata.app */,
			);
			name = Products;
			sourceTree = "<group>";
		};
		4397A59721EC0CB800135C25 /* Codata */ = {
			isa = PBXGroup;
			children = (
				4397A59821EC0CB800135C25 /* AppDelegate.swift */,
				4397A5B221EC120300135C25 /* Interface builder */,
				4397A5B121EC11FD00135C25 /* View */,
				4397A5B021EC11F200135C25 /* Model */,
				4397A5AD21EC0FEE00135C25 /* Controller */,
				4397A5A221EC0CBB00135C25 /* Assets.xcassets */,
				4397A5A721EC0CBB00135C25 /* Info.plist */,
			);
			path = Codata;
			sourceTree = "<group>";
		};
		4397A5AD21EC0FEE00135C25 /* Controller */ = {
			isa = PBXGroup;
			children = (
				4397A5AE21EC101700135C25 /* MyTabBar.swift */,
				4397A59A21EC0CB800135C25 /* ListeController.swift */,
				4397A5BB21ECEE2200135C25 /* ArticleController.swift */,
				4397A5BD21ECEE3B00135C25 /* AddArticleController.swift */,
				4397A5BF21ECEE4F00135C25 /* AllArticleController.swift */,
			);
			path = Controller;
			sourceTree = "<group>";
		};
		4397A5B021EC11F200135C25 /* Model */ = {
			isa = PBXGroup;
			children = (
				4397A59F21EC0CB800135C25 /* Codata.xcdatamodeld */,
				4397A5B321EC2C1F00135C25 /* CoreDataHelper.swift */,
				4397A5B921ECBA4400135C25 /* Extensions.swift */,
			);
			path = Model;
			sourceTree = "<group>";
		};
		4397A5B121EC11FD00135C25 /* View */ = {
			isa = PBXGroup;
			children = (
				4397A5B521ECB06B00135C25 /* ListeCell.swift */,
				4397A5B721ECB0A200135C25 /* ViewShadow.swift */,
			);
			path = View;
			sourceTree = "<group>";
		};
		4397A5B221EC120300135C25 /* Interface builder */ = {
			isa = PBXGroup;
			children = (
				4397A5A421EC0CBB00135C25 /* LaunchScreen.storyboard */,
				4397A59C21EC0CB800135C25 /* Main.storyboard */,
			);
			path = "Interface builder";
			sourceTree = "<group>";
		};
/* End PBXGroup section */

/* Begin PBXNativeTarget section */
		4397A59421EC0CB800135C25 /* Codata */ = {
			isa = PBXNativeTarget;
			buildConfigurationList = 4397A5AA21EC0CBB00135C25 /* Build configuration list for PBXNativeTarget "Codata" */;
			buildPhases = (
				4397A59121EC0CB800135C25 /* Sources */,
				4397A59221EC0CB800135C25 /* Frameworks */,
				4397A59321EC0CB800135C25 /* Resources */,
			);
			buildRules = (
			);
			dependencies = (
			);
			name = Codata;
			productName = Codata;
			productReference = 4397A59521EC0CB800135C25 /* Codata.app */;
			productType = "com.apple.product-type.application";
		};
/* End PBXNativeTarget section */

/* Begin PBXProject section */
		4397A58D21EC0CB800135C25 /* Project object */ = {
			isa = PBXProject;
			attributes = {
				LastSwiftUpdateCheck = 1010;
				LastUpgradeCheck = 1010;
				ORGANIZATIONNAME = ozvassilius;
				TargetAttributes = {
					4397A59421EC0CB800135C25 = {
						CreatedOnToolsVersion = 10.1;
					};
				};
			};
			buildConfigurationList = 4397A59021EC0CB800135C25 /* Build configuration list for PBXProject "Codata" */;
			compatibilityVersion = "Xcode 9.3";
			developmentRegion = en;
			hasScannedForEncodings = 0;
			knownRegions = (
				en,
				Base,
			);
			mainGroup = 4397A58C21EC0CB800135C25;
			productRefGroup = 4397A59621EC0CB800135C25 /* Products */;
			projectDirPath = "";
			projectRoot = "";
			targets = (
				4397A59421EC0CB800135C25 /* Codata */,
			);
		};
/* End PBXProject section */

/* Begin PBXResourcesBuildPhase section */
		4397A59321EC0CB800135C25 /* Resources */ = {
			isa = PBXResourcesBuildPhase;
			buildActionMask = 2147483647;
			files = (
				4397A5A621EC0CBB00135C25 /* LaunchScreen.storyboard in Resources */,
				4397A5A321EC0CBB00135C25 /* Assets.xcassets in Resources */,
				4397A59E21EC0CB800135C25 /* Main.storyboard in Resources */,
			);
			runOnlyForDeploymentPostprocessing = 0;
		};
/* End PBXResourcesBuildPhase section */

/* Begin PBXSourcesBuildPhase section */
		4397A59121EC0CB800135C25 /* Sources */ = {
			isa = PBXSourcesBuildPhase;
			buildActionMask = 2147483647;
			files = (
				4397A5B421EC2C1F00135C25 /* CoreDataHelper.swift in Sources */,
				4397A5C021ECEE4F00135C25 /* AllArticleController.swift in Sources */,
				4397A5B621ECB06B00135C25 /* ListeCell.swift in Sources */,
				4397A5B821ECB0A200135C25 /* ViewShadow.swift in Sources */,
				4397A5BA21ECBA4400135C25 /* Extensions.swift in Sources */,
				4397A5BE21ECEE3B00135C25 /* AddArticleController.swift in Sources */,
				4397A5A121EC0CB800135C25 /* Codata.xcdatamodeld in Sources */,
				4397A59B21EC0CB800135C25 /* ListeController.swift in Sources */,
				4397A5BC21ECEE2200135C25 /* ArticleController.swift in Sources */,
				4397A59921EC0CB800135C25 /* AppDelegate.swift in Sources */,
				4397A5AF21EC101700135C25 /* MyTabBar.swift in Sources */,
			);
			runOnlyForDeploymentPostprocessing = 0;
		};
/* End PBXSourcesBuildPhase section */

/* Begin PBXVariantGroup section */
		4397A59C21EC0CB800135C25 /* Main.storyboard */ = {
			isa = PBXVariantGroup;
			children = (
				4397A59D21EC0CB800135C25 /* Base */,
			);
			name = Main.storyboard;
			sourceTree = "<group>";
		};
		4397A5A421EC0CBB00135C25 /* LaunchScreen.storyboard */ = {
			isa = PBXVariantGroup;
			children = (
				4397A5A521EC0CBB00135C25 /* Base */,
			);
			name = LaunchScreen.storyboard;
			sourceTree = "<group>";
		};
/* End PBXVariantGroup section */

/* Begin XCBuildConfiguration section */
		4397A5A821EC0CBB00135C25 /* Debug */ = {
			isa = XCBuildConfiguration;
			buildSettings = {
				ALWAYS_SEARCH_USER_PATHS = NO;
				CLANG_ANALYZER_NONNULL = YES;
				CLANG_ANALYZER_NUMBER_OBJECT_CONVERSION = YES_AGGRESSIVE;
				CLANG_CXX_LANGUAGE_STANDARD = "gnu++14";
				CLANG_CXX_LIBRARY = "libc++";
				CLANG_ENABLE_MODULES = YES;
				CLANG_ENABLE_OBJC_ARC = YES;
				CLANG_ENABLE_OBJC_WEAK = YES;
				CLANG_WARN_BLOCK_CAPTURE_AUTORELEASING = YES;
				CLANG_WARN_BOOL_CONVERSION = YES;
				CLANG_WARN_COMMA = YES;
				CLANG_WARN_CONSTANT_CONVERSION = YES;
				CLANG_WARN_DEPRECATED_OBJC_IMPLEMENTATIONS = YES;
				CLANG_WARN_DIRECT_OBJC_ISA_USAGE = YES_ERROR;
				CLANG_WARN_DOCUMENTATION_COMMENTS = YES;
				CLANG_WARN_EMPTY_BODY = YES;
				CLANG_WARN_ENUM_CONVERSION = YES;
				CLANG_WARN_INFINITE_RECURSION = YES;
				CLANG_WARN_INT_CONVERSION = YES;
				CLANG_WARN_NON_LITERAL_NULL_CONVERSION = YES;
				CLANG_WARN_OBJC_IMPLICIT_RETAIN_SELF = YES;
				CLANG_WARN_OBJC_LITERAL_CONVERSION = YES;
				CLANG_WARN_OBJC_ROOT_CLASS = YES_ERROR;
				CLANG_WARN_RANGE_LOOP_ANALYSIS = YES;
				CLANG_WARN_STRICT_PROTOTYPES = YES;
				CLANG_WARN_SUSPICIOUS_MOVE = YES;
				CLANG_WARN_UNGUARDED_AVAILABILITY = YES_AGGRESSIVE;
				CLANG_WARN_UNREACHABLE_CODE = YES;
				CLANG_WARN__DUPLICATE_METHOD_MATCH = YES;
				CODE_SIGN_IDENTITY = "iPhone Developer";
				COPY_PHASE_STRIP = NO;
				DEBUG_INFORMATION_FORMAT = dwarf;
				ENABLE_STRICT_OBJC_MSGSEND = YES;
				ENABLE_TESTABILITY = YES;
				GCC_C_LANGUAGE_STANDARD = gnu11;
				GCC_DYNAMIC_NO_PIC = NO;
				GCC_NO_COMMON_BLOCKS = YES;
				GCC_OPTIMIZATION_LEVEL = 0;
				GCC_PREPROCESSOR_DEFINITIONS = (
					"DEBUG=1",
					"$(inherited)",
				);
				GCC_WARN_64_TO_32_BIT_CONVERSION = YES;
				GCC_WARN_ABOUT_RETURN_TYPE = YES_ERROR;
				GCC_WARN_UNDECLARED_SELECTOR = YES;
				GCC_WARN_UNINITIALIZED_AUTOS = YES_AGGRESSIVE;
				GCC_WARN_UNUSED_FUNCTION = YES;
				GCC_WARN_UNUSED_VARIABLE = YES;
				IPHONEOS_DEPLOYMENT_TARGET = 12.1;
				MTL_ENABLE_DEBUG_INFO = INCLUDE_SOURCE;
				MTL_FAST_MATH = YES;
				ONLY_ACTIVE_ARCH = YES;
				SDKROOT = iphoneos;
				SWIFT_ACTIVE_COMPILATION_CONDITIONS = DEBUG;
				SWIFT_OPTIMIZATION_LEVEL = "-Onone";
			};
			name = Debug;
		};
		4397A5A921EC0CBB00135C25 /* Release */ = {
			isa = XCBuildConfiguration;
			buildSettings = {
				ALWAYS_SEARCH_USER_PATHS = NO;
				CLANG_ANALYZER_NONNULL = YES;
				CLANG_ANALYZER_NUMBER_OBJECT_CONVERSION = YES_AGGRESSIVE;
				CLANG_CXX_LANGUAGE_STANDARD = "gnu++14";
				CLANG_CXX_LIBRARY = "libc++";
				CLANG_ENABLE_MODULES = YES;
				CLANG_ENABLE_OBJC_ARC = YES;
				CLANG_ENABLE_OBJC_WEAK = YES;
				CLANG_WARN_BLOCK_CAPTURE_AUTORELEASING = YES;
				CLANG_WARN_BOOL_CONVERSION = YES;
				CLANG_WARN_COMMA = YES;
				CLANG_WARN_CONSTANT_CONVERSION = YES;
				CLANG_WARN_DEPRECATED_OBJC_IMPLEMENTATIONS = YES;
				CLANG_WARN_DIRECT_OBJC_ISA_USAGE = YES_ERROR;
				CLANG_WARN_DOCUMENTATION_COMMENTS = YES;
				CLANG_WARN_EMPTY_BODY = YES;
				CLANG_WARN_ENUM_CONVERSION = YES;
				CLANG_WARN_INFINITE_RECURSION = YES;
				CLANG_WARN_INT_CONVERSION = YES;
				CLANG_WARN_NON_LITERAL_NULL_CONVERSION = YES;
				CLANG_WARN_OBJC_IMPLICIT_RETAIN_SELF = YES;
				CLANG_WARN_OBJC_LITERAL_CONVERSION = YES;
				CLANG_WARN_OBJC_ROOT_CLASS = YES_ERROR;
				CLANG_WARN_RANGE_LOOP_ANALYSIS = YES;
				CLANG_WARN_STRICT_PROTOTYPES = YES;
				CLANG_WARN_SUSPICIOUS_MOVE = YES;
				CLANG_WARN_UNGUARDED_AVAILABILITY = YES_AGGRESSIVE;
				CLANG_WARN_UNREACHABLE_CODE = YES;
				CLANG_WARN__DUPLICATE_METHOD_MATCH = YES;
				CODE_SIGN_IDENTITY = "iPhone Developer";
				COPY_PHASE_STRIP = NO;
				DEBUG_INFORMATION_FORMAT = "dwarf-with-dsym";
				ENABLE_NS_ASSERTIONS = NO;
				ENABLE_STRICT_OBJC_MSGSEND = YES;
				GCC_C_LANGUAGE_STANDARD = gnu11;
				GCC_NO_COMMON_BLOCKS = YES;
				GCC_WARN_64_TO_32_BIT_CONVERSION = YES;
				GCC_WARN_ABOUT_RETURN_TYPE = YES_ERROR;
				GCC_WARN_UNDECLARED_SELECTOR = YES;
				GCC_WARN_UNINITIALIZED_AUTOS = YES_AGGRESSIVE;
				GCC_WARN_UNUSED_FUNCTION = YES;
				GCC_WARN_UNUSED_VARIABLE = YES;
				IPHONEOS_DEPLOYMENT_TARGET = 12.1;
				MTL_ENABLE_DEBUG_INFO = NO;
				MTL_FAST_MATH = YES;
				SDKROOT = iphoneos;
				SWIFT_COMPILATION_MODE = wholemodule;
				SWIFT_OPTIMIZATION_LEVEL = "-O";
				VALIDATE_PRODUCT = YES;
			};
			name = Release;
		};
		4397A5AB21EC0CBB00135C25 /* Debug */ = {
			isa = XCBuildConfiguration;
			buildSettings = {
				ASSETCATALOG_COMPILER_APPICON_NAME = AppIcon;
				CODE_SIGN_STYLE = Automatic;
				DEVELOPMENT_TEAM = C9TCQ58AT3;
				INFOPLIST_FILE = Codata/Info.plist;
				LD_RUNPATH_SEARCH_PATHS = (
					"$(inherited)",
					"@executable_path/Frameworks",
				);
				PRODUCT_BUNDLE_IDENTIFIER = com.ozvassilius.Codata;
				PRODUCT_NAME = "$(TARGET_NAME)";
				SWIFT_VERSION = 4.2;
				TARGETED_DEVICE_FAMILY = "1,2";
			};
			name = Debug;
		};
		4397A5AC21EC0CBB00135C25 /* Release */ = {
			isa = XCBuildConfiguration;
			buildSettings = {
				ASSETCATALOG_COMPILER_APPICON_NAME = AppIcon;
				CODE_SIGN_STYLE = Automatic;
				DEVELOPMENT_TEAM = C9TCQ58AT3;
				INFOPLIST_FILE = Codata/Info.plist;
				LD_RUNPATH_SEARCH_PATHS = (
					"$(inherited)",
					"@executable_path/Frameworks",
				);
				PRODUCT_BUNDLE_IDENTIFIER = com.ozvassilius.Codata;
				PRODUCT_NAME = "$(TARGET_NAME)";
				SWIFT_VERSION = 4.2;
				TARGETED_DEVICE_FAMILY = "1,2";
			};
			name = Release;
		};
/* End XCBuildConfiguration section */

/* Begin XCConfigurationList section */
		4397A59021EC0CB800135C25 /* Build configuration list for PBXProject "Codata" */ = {
			isa = XCConfigurationList;
			buildConfigurations = (
				4397A5A821EC0CBB00135C25 /* Debug */,
				4397A5A921EC0CBB00135C25 /* Release */,
			);
			defaultConfigurationIsVisible = 0;
			defaultConfigurationName = Release;
		};
		4397A5AA21EC0CBB00135C25 /* Build configuration list for PBXNativeTarget "Codata" */ = {
			isa = XCConfigurationList;
			buildConfigurations = (
				4397A5AB21EC0CBB00135C25 /* Debug */,
				4397A5AC21EC0CBB00135C25 /* Release */,
			);
			defaultConfigurationIsVisible = 0;
			defaultConfigurationName = Release;
		};
/* End XCConfigurationList section */

/* Begin XCVersionGroup section */
		4397A59F21EC0CB800135C25 /* Codata.xcdatamodeld */ = {
			isa = XCVersionGroup;
			children = (
				4397A5A021EC0CB800135C25 /* Codata.xcdatamodel */,
			);
			currentVersion = 4397A5A021EC0CB800135C25 /* Codata.xcdatamodel */;
			path = Codata.xcdatamodeld;
			sourceTree = "<group>";
			versionGroupType = wrapper.xcdatamodel;
		};
/* End XCVersionGroup section */
	};
	rootObject = 4397A58D21EC0CB800135C25 /* Project object */;
}
